
Microsoft Visual Studio Solution File, Format Version 12.00
# Visual Studio 2013
VisualStudioVersion = 12.0.40629.0
MinimumVisualStudioVersion = 10.0.40219.1
Project("{FAE04EC0-301F-11D3-BF4B-00C04F79EFBC}") = "Nexmosphere", "Nexmosphere\Nexmosphere.csproj", "{C5743C8E-08D1-4A0A-9CE5-884E8ECC2614}"
EndProject
Global
	GlobalSection(SolutionConfigurationPlatforms) = preSolution
		Debug|Any CPU = Debug|Any CPU
		Release|Any CPU = Release|Any CPU
	EndGlobalSection
	GlobalSection(ProjectConfigurationPlatforms) = postSolution
		{C5743C8E-08D1-4A0A-9CE5-884E8ECC2614}.Debug|Any CPU.ActiveCfg = Debug|Any CPU
		{C5743C8E-08D1-4A0A-9CE5-884E8ECC2614}.Debug|Any CPU.Build.0 = Debug|Any CPU
		{C5743C8E-08D1-4A0A-9CE5-884E8ECC2614}.Release|Any CPU.ActiveCfg = Release|Any CPU
		{C5743C8E-08D1-4A0A-9CE5-884E8ECC2614}.Release|Any CPU.Build.0 = Release|Any CPU
	EndGlobalSection
	GlobalSection(SolutionProperties) = preSolution
		HideSolutionNode = FALSE
	EndGlobalSection
	GlobalSection(ExtensibilityGlobals) = postSolution
		SolutionGuid = {5C70A25E-8036-4C6F-AF4F-93A821D2A122}
	EndGlobalSection
EndGlobal
